
Microsoft Visual Studio Solution File, Format Version 12.00
# Visual Studio Version 17
VisualStudioVersion = 17.3.32929.385
MinimumVisualStudioVersion = 10.0.40219.1
Project("{9A19103F-16F7-4668-BE54-9A1E7A4F7556}") = "CryptoPILWebApi", "CryptoPIL\CryptoPILWebApi.csproj", "{0542B4AD-315E-4AE2-AD0D-396F514A3C38}"
EndProject
Project("{FAE04EC0-301F-11D3-BF4B-00C04F79EFBC}") = "Entidades", "Entidades\Entidades.csproj", "{7891378F-E52C-4CE1-90A3-C7F2D44472B0}"
EndProject
Project("{FAE04EC0-301F-11D3-BF4B-00C04F79EFBC}") = "Negocios", "Negocios\Negocios.csproj", "{F35494C3-2F85-4B68-AE86-DA218BC095A8}"
EndProject
Global
	GlobalSection(SolutionConfigurationPlatforms) = preSolution
		Debug|Any CPU = Debug|Any CPU
		Release|Any CPU = Release|Any CPU
	EndGlobalSection
	GlobalSection(ProjectConfigurationPlatforms) = postSolution
		{0542B4AD-315E-4AE2-AD0D-396F514A3C38}.Debug|Any CPU.ActiveCfg = Debug|Any CPU
		{0542B4AD-315E-4AE2-AD0D-396F514A3C38}.Debug|Any CPU.Build.0 = Debug|Any CPU
		{0542B4AD-315E-4AE2-AD0D-396F514A3C38}.Release|Any CPU.ActiveCfg = Release|Any CPU
		{0542B4AD-315E-4AE2-AD0D-396F514A3C38}.Release|Any CPU.Build.0 = Release|Any CPU
		{7891378F-E52C-4CE1-90A3-C7F2D44472B0}.Debug|Any CPU.ActiveCfg = Debug|Any CPU
		{7891378F-E52C-4CE1-90A3-C7F2D44472B0}.Debug|Any CPU.Build.0 = Debug|Any CPU
		{7891378F-E52C-4CE1-90A3-C7F2D44472B0}.Release|Any CPU.ActiveCfg = Release|Any CPU
		{7891378F-E52C-4CE1-90A3-C7F2D44472B0}.Release|Any CPU.Build.0 = Release|Any CPU
		{F35494C3-2F85-4B68-AE86-DA218BC095A8}.Debug|Any CPU.ActiveCfg = Debug|Any CPU
		{F35494C3-2F85-4B68-AE86-DA218BC095A8}.Debug|Any CPU.Build.0 = Debug|Any CPU
		{F35494C3-2F85-4B68-AE86-DA218BC095A8}.Release|Any CPU.ActiveCfg = Release|Any CPU
		{F35494C3-2F85-4B68-AE86-DA218BC095A8}.Release|Any CPU.Build.0 = Release|Any CPU
	EndGlobalSection
	GlobalSection(SolutionProperties) = preSolution
		HideSolutionNode = FALSE
	EndGlobalSection
	GlobalSection(ExtensibilityGlobals) = postSolution
		SolutionGuid = {5A442F71-FF97-4EAF-AB0F-7AB03804FBC6}
	EndGlobalSection
EndGlobal
